
Microsoft Visual Studio Solution File, Format Version 12.00
# Visual Studio Version 17
VisualStudioVersion = 17.0.32112.339
MinimumVisualStudioVersion = 10.0.40219.1
Project("{2150E333-8FDC-42A3-9474-1A3956D46DE8}") = "Services", "Services", "{9C49E7FE-C9E0-4AB2-B9BA-0487276AA111}"
EndProject
Project("{2150E333-8FDC-42A3-9474-1A3956D46DE8}") = "ContactService", "ContactService", "{D3A01A3A-4681-4A0A-9273-646E431F500D}"
EndProject
Project("{9A19103F-16F7-4668-BE54-9A1E7A4F7556}") = "ContactService.API", "Services\ContactService\ContactService.API\ContactService.API.csproj", "{A3D7B028-FCAC-4D57-A72D-6422AE5CAB2E}"
EndProject
Project("{2150E333-8FDC-42A3-9474-1A3956D46DE8}") = "Shared", "Shared", "{884442D9-389B-43F5-8205-4555C0BBF259}"
EndProject
Project("{9A19103F-16F7-4668-BE54-9A1E7A4F7556}") = "ContactsOnContainers.Shared", "Shared\ContactsOnContainers.Shared\ContactsOnContainers.Shared.csproj", "{0022CE35-11D6-48FB-B534-1251F95B6B9A}"
EndProject
Project("{2150E333-8FDC-42A3-9474-1A3956D46DE8}") = "ReportService", "ReportService", "{A2147618-5167-4EE1-B5F6-F142D57927EC}"
EndProject
Project("{9A19103F-16F7-4668-BE54-9A1E7A4F7556}") = "ReportService.API", "Services\ReportService\ReportService.API\ReportService.API.csproj", "{2775F560-3DA3-4C7E-B443-F6CADF150527}"
EndProject
Project("{2150E333-8FDC-42A3-9474-1A3956D46DE8}") = "BuildingBlocks", "BuildingBlocks", "{DFA57645-D5C2-4E32-9466-E556F771E00A}"
EndProject
Project("{2150E333-8FDC-42A3-9474-1A3956D46DE8}") = "EventBus", "EventBus", "{EFE06151-3D7A-44A1-8F0D-E673E8CE88EE}"
EndProject
Project("{9A19103F-16F7-4668-BE54-9A1E7A4F7556}") = "EventBus.Base", "BuildingBlocks\EventBus\EventBus.Base\EventBus.Base.csproj", "{F06F6A2F-6268-456C-A65E-93BA671BAE54}"
EndProject
Project("{9A19103F-16F7-4668-BE54-9A1E7A4F7556}") = "EventBus.Factory", "BuildingBlocks\EventBus\EventBus.Factory\EventBus.Factory.csproj", "{1BF2E8F4-A07B-44B2-A06D-53C3B24EC987}"
EndProject
Project("{9A19103F-16F7-4668-BE54-9A1E7A4F7556}") = "EventBus.RabbitMQ", "BuildingBlocks\EventBus\EventBus.RabbitMQ\EventBus.RabbitMQ.csproj", "{512F413D-05B2-45C0-8F0D-F39A3681CB92}"
EndProject
Project("{2150E333-8FDC-42A3-9474-1A3956D46DE8}") = "ApiGateways", "ApiGateways", "{EAC4C31C-DAD3-4BE5-A8BA-EA5495C5DBE5}"
EndProject
Project("{9A19103F-16F7-4668-BE54-9A1E7A4F7556}") = "Web.ApiGateway", "ApiGateways\Web.ApiGateway\Web.ApiGateway.csproj", "{CB5FB0EF-EB4A-4966-BC9B-407EBA7308E2}"
EndProject
Project("{E53339B2-1760-4266-BCC7-CA923CBCF16C}") = "docker-compose", "docker-compose.dcproj", "{60639403-7D04-42F9-8348-C82EA1CC107C}"
EndProject
Project("{2150E333-8FDC-42A3-9474-1A3956D46DE8}") = "Solution Items", "Solution Items", "{AA9DA5DB-365E-403C-AD9A-038EBE8EAAAE}"
	ProjectSection(SolutionItems) = preProject
		Urls.txt = Urls.txt
	EndProjectSection
EndProject
Project("{2150E333-8FDC-42A3-9474-1A3956D46DE8}") = "tests", "tests", "{53CE8751-9E3E-4308-BE2B-0D0FE46A82D4}"
EndProject
Project("{FAE04EC0-301F-11D3-BF4B-00C04F79EFBC}") = "ContactService.UnitTests", "Services\ContactService\tests\ContactService.UnitTests\ContactService.UnitTests.csproj", "{7B1D8E0C-2C77-40E0-9149-B5E33F34CB0C}"
EndProject
Project("{2150E333-8FDC-42A3-9474-1A3956D46DE8}") = "tests", "tests", "{92581888-826B-4F06-8457-85C030DB6759}"
EndProject
Project("{FAE04EC0-301F-11D3-BF4B-00C04F79EFBC}") = "ReportService.UnitTests", "Services\ReportService\tests\ReportService.UnitTests\ReportService.UnitTests.csproj", "{AF184C16-E15C-44AC-B407-CFA9DED281EF}"
EndProject
Global
	GlobalSection(SolutionConfigurationPlatforms) = preSolution
		Debug|Any CPU = Debug|Any CPU
		Release|Any CPU = Release|Any CPU
	EndGlobalSection
	GlobalSection(ProjectConfigurationPlatforms) = postSolution
		{A3D7B028-FCAC-4D57-A72D-6422AE5CAB2E}.Debug|Any CPU.ActiveCfg = Debug|Any CPU
		{A3D7B028-FCAC-4D57-A72D-6422AE5CAB2E}.Debug|Any CPU.Build.0 = Debug|Any CPU
		{A3D7B028-FCAC-4D57-A72D-6422AE5CAB2E}.Release|Any CPU.ActiveCfg = Release|Any CPU
		{A3D7B028-FCAC-4D57-A72D-6422AE5CAB2E}.Release|Any CPU.Build.0 = Release|Any CPU
		{0022CE35-11D6-48FB-B534-1251F95B6B9A}.Debug|Any CPU.ActiveCfg = Debug|Any CPU
		{0022CE35-11D6-48FB-B534-1251F95B6B9A}.Debug|Any CPU.Build.0 = Debug|Any CPU
		{0022CE35-11D6-48FB-B534-1251F95B6B9A}.Release|Any CPU.ActiveCfg = Release|Any CPU
		{0022CE35-11D6-48FB-B534-1251F95B6B9A}.Release|Any CPU.Build.0 = Release|Any CPU
		{2775F560-3DA3-4C7E-B443-F6CADF150527}.Debug|Any CPU.ActiveCfg = Debug|Any CPU
		{2775F560-3DA3-4C7E-B443-F6CADF150527}.Debug|Any CPU.Build.0 = Debug|Any CPU
		{2775F560-3DA3-4C7E-B443-F6CADF150527}.Release|Any CPU.ActiveCfg = Release|Any CPU
		{2775F560-3DA3-4C7E-B443-F6CADF150527}.Release|Any CPU.Build.0 = Release|Any CPU
		{F06F6A2F-6268-456C-A65E-93BA671BAE54}.Debug|Any CPU.ActiveCfg = Debug|Any CPU
		{F06F6A2F-6268-456C-A65E-93BA671BAE54}.Debug|Any CPU.Build.0 = Debug|Any CPU
		{F06F6A2F-6268-456C-A65E-93BA671BAE54}.Release|Any CPU.ActiveCfg = Release|Any CPU
		{F06F6A2F-6268-456C-A65E-93BA671BAE54}.Release|Any CPU.Build.0 = Release|Any CPU
		{1BF2E8F4-A07B-44B2-A06D-53C3B24EC987}.Debug|Any CPU.ActiveCfg = Debug|Any CPU
		{1BF2E8F4-A07B-44B2-A06D-53C3B24EC987}.Debug|Any CPU.Build.0 = Debug|Any CPU
		{1BF2E8F4-A07B-44B2-A06D-53C3B24EC987}.Release|Any CPU.ActiveCfg = Release|Any CPU
		{1BF2E8F4-A07B-44B2-A06D-53C3B24EC987}.Release|Any CPU.Build.0 = Release|Any CPU
		{512F413D-05B2-45C0-8F0D-F39A3681CB92}.Debug|Any CPU.ActiveCfg = Debug|Any CPU
		{512F413D-05B2-45C0-8F0D-F39A3681CB92}.Debug|Any CPU.Build.0 = Debug|Any CPU
		{512F413D-05B2-45C0-8F0D-F39A3681CB92}.Release|Any CPU.ActiveCfg = Release|Any CPU
		{512F413D-05B2-45C0-8F0D-F39A3681CB92}.Release|Any CPU.Build.0 = Release|Any CPU
		{CB5FB0EF-EB4A-4966-BC9B-407EBA7308E2}.Debug|Any CPU.ActiveCfg = Debug|Any CPU
		{CB5FB0EF-EB4A-4966-BC9B-407EBA7308E2}.Debug|Any CPU.Build.0 = Debug|Any CPU
		{CB5FB0EF-EB4A-4966-BC9B-407EBA7308E2}.Release|Any CPU.ActiveCfg = Release|Any CPU
		{CB5FB0EF-EB4A-4966-BC9B-407EBA7308E2}.Release|Any CPU.Build.0 = Release|Any CPU
		{60639403-7D04-42F9-8348-C82EA1CC107C}.Debug|Any CPU.ActiveCfg = Debug|Any CPU
		{60639403-7D04-42F9-8348-C82EA1CC107C}.Debug|Any CPU.Build.0 = Debug|Any CPU
		{60639403-7D04-42F9-8348-C82EA1CC107C}.Release|Any CPU.ActiveCfg = Release|Any CPU
		{60639403-7D04-42F9-8348-C82EA1CC107C}.Release|Any CPU.Build.0 = Release|Any CPU
		{7B1D8E0C-2C77-40E0-9149-B5E33F34CB0C}.Debug|Any CPU.ActiveCfg = Debug|Any CPU
		{7B1D8E0C-2C77-40E0-9149-B5E33F34CB0C}.Debug|Any CPU.Build.0 = Debug|Any CPU
		{7B1D8E0C-2C77-40E0-9149-B5E33F34CB0C}.Release|Any CPU.ActiveCfg = Release|Any CPU
		{7B1D8E0C-2C77-40E0-9149-B5E33F34CB0C}.Release|Any CPU.Build.0 = Release|Any CPU
		{AF184C16-E15C-44AC-B407-CFA9DED281EF}.Debug|Any CPU.ActiveCfg = Debug|Any CPU
		{AF184C16-E15C-44AC-B407-CFA9DED281EF}.Debug|Any CPU.Build.0 = Debug|Any CPU
		{AF184C16-E15C-44AC-B407-CFA9DED281EF}.Release|Any CPU.ActiveCfg = Release|Any CPU
		{AF184C16-E15C-44AC-B407-CFA9DED281EF}.Release|Any CPU.Build.0 = Release|Any CPU
	EndGlobalSection
	GlobalSection(SolutionProperties) = preSolution
		HideSolutionNode = FALSE
	EndGlobalSection
	GlobalSection(NestedProjects) = preSolution
		{D3A01A3A-4681-4A0A-9273-646E431F500D} = {9C49E7FE-C9E0-4AB2-B9BA-0487276AA111}
		{A3D7B028-FCAC-4D57-A72D-6422AE5CAB2E} = {D3A01A3A-4681-4A0A-9273-646E431F500D}
		{0022CE35-11D6-48FB-B534-1251F95B6B9A} = {884442D9-389B-43F5-8205-4555C0BBF259}
		{A2147618-5167-4EE1-B5F6-F142D57927EC} = {9C49E7FE-C9E0-4AB2-B9BA-0487276AA111}
		{2775F560-3DA3-4C7E-B443-F6CADF150527} = {A2147618-5167-4EE1-B5F6-F142D57927EC}
		{EFE06151-3D7A-44A1-8F0D-E673E8CE88EE} = {DFA57645-D5C2-4E32-9466-E556F771E00A}
		{F06F6A2F-6268-456C-A65E-93BA671BAE54} = {EFE06151-3D7A-44A1-8F0D-E673E8CE88EE}
		{1BF2E8F4-A07B-44B2-A06D-53C3B24EC987} = {EFE06151-3D7A-44A1-8F0D-E673E8CE88EE}
		{512F413D-05B2-45C0-8F0D-F39A3681CB92} = {EFE06151-3D7A-44A1-8F0D-E673E8CE88EE}
		{CB5FB0EF-EB4A-4966-BC9B-407EBA7308E2} = {EAC4C31C-DAD3-4BE5-A8BA-EA5495C5DBE5}
		{53CE8751-9E3E-4308-BE2B-0D0FE46A82D4} = {D3A01A3A-4681-4A0A-9273-646E431F500D}
		{7B1D8E0C-2C77-40E0-9149-B5E33F34CB0C} = {53CE8751-9E3E-4308-BE2B-0D0FE46A82D4}
		{92581888-826B-4F06-8457-85C030DB6759} = {A2147618-5167-4EE1-B5F6-F142D57927EC}
		{AF184C16-E15C-44AC-B407-CFA9DED281EF} = {92581888-826B-4F06-8457-85C030DB6759}
	EndGlobalSection
	GlobalSection(ExtensibilityGlobals) = postSolution
		SolutionGuid = {11A5CB13-DBE8-495D-98EA-919FE4851AC8}
	EndGlobalSection
EndGlobal
